
Microsoft Visual Studio Solution File, Format Version 12.00
# Visual Studio Version 16
VisualStudioVersion = 16.0.30907.101
MinimumVisualStudioVersion = 10.0.40219.1
Project("{FAE04EC0-301F-11D3-BF4B-00C04F79EFBC}") = "CashRegisterApplication.Android", "CashRegisterApplication.Android\CashRegisterApplication.Android.csproj", "{A2426C1A-C8D8-4A81-996E-69984303ABB3}"
EndProject
Project("{FAE04EC0-301F-11D3-BF4B-00C04F79EFBC}") = "CashRegisterApplication.iOS", "CashRegisterApplication.iOS\CashRegisterApplication.iOS.csproj", "{46D415C4-77C7-47EB-B0F0-D0DBA935CFCC}"
EndProject
Project("{FAE04EC0-301F-11D3-BF4B-00C04F79EFBC}") = "CashRegisterApplication", "CashRegisterApplication\CashRegisterApplication.csproj", "{023F49B4-7DD2-4D8B-A93E-44D2A7B410CC}"
EndProject
Global
	GlobalSection(SolutionConfigurationPlatforms) = preSolution
		Debug|Any CPU = Debug|Any CPU
		Debug|iPhone = Debug|iPhone
		Debug|iPhoneSimulator = Debug|iPhoneSimulator
		Release|Any CPU = Release|Any CPU
		Release|iPhone = Release|iPhone
		Release|iPhoneSimulator = Release|iPhoneSimulator
	EndGlobalSection
	GlobalSection(ProjectConfigurationPlatforms) = postSolution
		{A2426C1A-C8D8-4A81-996E-69984303ABB3}.Debug|Any CPU.ActiveCfg = Debug|Any CPU
		{A2426C1A-C8D8-4A81-996E-69984303ABB3}.Debug|Any CPU.Build.0 = Debug|Any CPU
		{A2426C1A-C8D8-4A81-996E-69984303ABB3}.Debug|Any CPU.Deploy.0 = Debug|Any CPU
		{A2426C1A-C8D8-4A81-996E-69984303ABB3}.Debug|iPhone.ActiveCfg = Debug|Any CPU
		{A2426C1A-C8D8-4A81-996E-69984303ABB3}.Debug|iPhone.Build.0 = Debug|Any CPU
		{A2426C1A-C8D8-4A81-996E-69984303ABB3}.Debug|iPhone.Deploy.0 = Debug|Any CPU
		{A2426C1A-C8D8-4A81-996E-69984303ABB3}.Debug|iPhoneSimulator.ActiveCfg = Debug|Any CPU
		{A2426C1A-C8D8-4A81-996E-69984303ABB3}.Debug|iPhoneSimulator.Build.0 = Debug|Any CPU
		{A2426C1A-C8D8-4A81-996E-69984303ABB3}.Debug|iPhoneSimulator.Deploy.0 = Debug|Any CPU
		{A2426C1A-C8D8-4A81-996E-69984303ABB3}.Release|Any CPU.ActiveCfg = Release|Any CPU
		{A2426C1A-C8D8-4A81-996E-69984303ABB3}.Release|Any CPU.Build.0 = Release|Any CPU
		{A2426C1A-C8D8-4A81-996E-69984303ABB3}.Release|Any CPU.Deploy.0 = Release|Any CPU
		{A2426C1A-C8D8-4A81-996E-69984303ABB3}.Release|iPhone.ActiveCfg = Release|Any CPU
		{A2426C1A-C8D8-4A81-996E-69984303ABB3}.Release|iPhone.Build.0 = Release|Any CPU
		{A2426C1A-C8D8-4A81-996E-69984303ABB3}.Release|iPhone.Deploy.0 = Release|Any CPU
		{A2426C1A-C8D8-4A81-996E-69984303ABB3}.Release|iPhoneSimulator.ActiveCfg = Release|Any CPU
		{A2426C1A-C8D8-4A81-996E-69984303ABB3}.Release|iPhoneSimulator.Build.0 = Release|Any CPU
		{A2426C1A-C8D8-4A81-996E-69984303ABB3}.Release|iPhoneSimulator.Deploy.0 = Release|Any CPU
		{46D415C4-77C7-47EB-B0F0-D0DBA935CFCC}.Debug|Any CPU.ActiveCfg = Debug|iPhone
		{46D415C4-77C7-47EB-B0F0-D0DBA935CFCC}.Debug|Any CPU.Build.0 = Debug|iPhone
		{46D415C4-77C7-47EB-B0F0-D0DBA935CFCC}.Debug|Any CPU.Deploy.0 = Debug|iPhone
		{46D415C4-77C7-47EB-B0F0-D0DBA935CFCC}.Debug|iPhone.ActiveCfg = Debug|iPhone
		{46D415C4-77C7-47EB-B0F0-D0DBA935CFCC}.Debug|iPhone.Build.0 = Debug|iPhone
		{46D415C4-77C7-47EB-B0F0-D0DBA935CFCC}.Debug|iPhone.Deploy.0 = Debug|iPhone
		{46D415C4-77C7-47EB-B0F0-D0DBA935CFCC}.Debug|iPhoneSimulator.ActiveCfg = Debug|iPhoneSimulator
		{46D415C4-77C7-47EB-B0F0-D0DBA935CFCC}.Debug|iPhoneSimulator.Build.0 = Debug|iPhoneSimulator
		{46D415C4-77C7-47EB-B0F0-D0DBA935CFCC}.Debug|iPhoneSimulator.Deploy.0 = Debug|iPhoneSimulator
		{46D415C4-77C7-47EB-B0F0-D0DBA935CFCC}.Release|Any CPU.ActiveCfg = Release|iPhoneSimulator
		{46D415C4-77C7-47EB-B0F0-D0DBA935CFCC}.Release|Any CPU.Build.0 = Release|iPhoneSimulator
		{46D415C4-77C7-47EB-B0F0-D0DBA935CFCC}.Release|Any CPU.Deploy.0 = Release|iPhoneSimulator
		{46D415C4-77C7-47EB-B0F0-D0DBA935CFCC}.Release|iPhone.ActiveCfg = Release|iPhone
		{46D415C4-77C7-47EB-B0F0-D0DBA935CFCC}.Release|iPhone.Build.0 = Release|iPhone
		{46D415C4-77C7-47EB-B0F0-D0DBA935CFCC}.Release|iPhone.Deploy.0 = Release|iPhone
		{46D415C4-77C7-47EB-B0F0-D0DBA935CFCC}.Release|iPhoneSimulator.ActiveCfg = Release|iPhoneSimulator
		{46D415C4-77C7-47EB-B0F0-D0DBA935CFCC}.Release|iPhoneSimulator.Build.0 = Release|iPhoneSimulator
		{46D415C4-77C7-47EB-B0F0-D0DBA935CFCC}.Release|iPhoneSimulator.Deploy.0 = Release|iPhoneSimulator
		{023F49B4-7DD2-4D8B-A93E-44D2A7B410CC}.Debug|Any CPU.ActiveCfg = Debug|Any CPU
		{023F49B4-7DD2-4D8B-A93E-44D2A7B410CC}.Debug|Any CPU.Build.0 = Debug|Any CPU
		{023F49B4-7DD2-4D8B-A93E-44D2A7B410CC}.Debug|Any CPU.Deploy.0 = Debug|Any CPU
		{023F49B4-7DD2-4D8B-A93E-44D2A7B410CC}.Debug|iPhone.ActiveCfg = Debug|Any CPU
		{023F49B4-7DD2-4D8B-A93E-44D2A7B410CC}.Debug|iPhone.Build.0 = Debug|Any CPU
		{023F49B4-7DD2-4D8B-A93E-44D2A7B410CC}.Debug|iPhone.Deploy.0 = Debug|Any CPU
		{023F49B4-7DD2-4D8B-A93E-44D2A7B410CC}.Debug|iPhoneSimulator.ActiveCfg = Debug|Any CPU
		{023F49B4-7DD2-4D8B-A93E-44D2A7B410CC}.Debug|iPhoneSimulator.Build.0 = Debug|Any CPU
		{023F49B4-7DD2-4D8B-A93E-44D2A7B410CC}.Debug|iPhoneSimulator.Deploy.0 = Debug|Any CPU
		{023F49B4-7DD2-4D8B-A93E-44D2A7B410CC}.Release|Any CPU.ActiveCfg = Release|Any CPU
		{023F49B4-7DD2-4D8B-A93E-44D2A7B410CC}.Release|Any CPU.Build.0 = Release|Any CPU
		{023F49B4-7DD2-4D8B-A93E-44D2A7B410CC}.Release|Any CPU.Deploy.0 = Release|Any CPU
		{023F49B4-7DD2-4D8B-A93E-44D2A7B410CC}.Release|iPhone.ActiveCfg = Release|Any CPU
		{023F49B4-7DD2-4D8B-A93E-44D2A7B410CC}.Release|iPhone.Build.0 = Release|Any CPU
		{023F49B4-7DD2-4D8B-A93E-44D2A7B410CC}.Release|iPhone.Deploy.0 = Release|Any CPU
		{023F49B4-7DD2-4D8B-A93E-44D2A7B410CC}.Release|iPhoneSimulator.ActiveCfg = Release|Any CPU
		{023F49B4-7DD2-4D8B-A93E-44D2A7B410CC}.Release|iPhoneSimulator.Build.0 = Release|Any CPU
		{023F49B4-7DD2-4D8B-A93E-44D2A7B410CC}.Release|iPhoneSimulator.Deploy.0 = Release|Any CPU
	EndGlobalSection
	GlobalSection(SolutionProperties) = preSolution
		HideSolutionNode = FALSE
	EndGlobalSection
	GlobalSection(ExtensibilityGlobals) = postSolution
		SolutionGuid = {EA16A007-3E10-4D02-8158-B1FE480AC7FA}
	EndGlobalSection
EndGlobal
